
Microsoft Visual Studio Solution File, Format Version 12.00
# Visual Studio Version 16
VisualStudioVersion = 16.0.28922.388
MinimumVisualStudioVersion = 10.0.40219.1
Project("{FAE04EC0-301F-11D3-BF4B-00C04F79EFBC}") = "ContosoSite", "ContosoSite.csproj", "{C408F4BC-562A-4C9F-AC9A-2C98367C6DBE}"
EndProject
Global
	GlobalSection(SolutionConfigurationPlatforms) = preSolution
		Debug|Any CPU = Debug|Any CPU
		Release|Any CPU = Release|Any CPU
	EndGlobalSection
	GlobalSection(ProjectConfigurationPlatforms) = postSolution
		{C408F4BC-562A-4C9F-AC9A-2C98367C6DBE}.Debug|Any CPU.ActiveCfg = Debug|Any CPU
		{C408F4BC-562A-4C9F-AC9A-2C98367C6DBE}.Debug|Any CPU.Build.0 = Debug|Any CPU
		{C408F4BC-562A-4C9F-AC9A-2C98367C6DBE}.Release|Any CPU.ActiveCfg = Release|Any CPU
		{C408F4BC-562A-4C9F-AC9A-2C98367C6DBE}.Release|Any CPU.Build.0 = Release|Any CPU
	EndGlobalSection
	GlobalSection(SolutionProperties) = preSolution
		HideSolutionNode = FALSE
	EndGlobalSection
	GlobalSection(ExtensibilityGlobals) = postSolution
		SolutionGuid = {A740219A-294B-4078-8B5A-DB9BDE1E93DD}
	EndGlobalSection
EndGlobal
